
Microsoft Visual Studio Solution File, Format Version 12.00
# Visual Studio Version 16
VisualStudioVersion = 16.0.30523.141
MinimumVisualStudioVersion = 10.0.40219.1
Project("{FAE04EC0-301F-11D3-BF4B-00C04F79EFBC}") = "MoodAnalyserProblem", "MoodAnalyserProblem\MoodAnalyserProblem.csproj", "{048D0610-0697-4026-989B-1A67356C4E09}"
EndProject
Project("{FAE04EC0-301F-11D3-BF4B-00C04F79EFBC}") = "UnitTestMoodAnalyser", "UnitTestMoodAnalyser\UnitTestMoodAnalyser.csproj", "{583C87DE-32A2-4EE5-9848-8EFC0F2DB1E4}"
EndProject
Global
	GlobalSection(SolutionConfigurationPlatforms) = preSolution
		Debug|Any CPU = Debug|Any CPU
		Release|Any CPU = Release|Any CPU
	EndGlobalSection
	GlobalSection(ProjectConfigurationPlatforms) = postSolution
		{048D0610-0697-4026-989B-1A67356C4E09}.Debug|Any CPU.ActiveCfg = Debug|Any CPU
		{048D0610-0697-4026-989B-1A67356C4E09}.Debug|Any CPU.Build.0 = Debug|Any CPU
		{048D0610-0697-4026-989B-1A67356C4E09}.Release|Any CPU.ActiveCfg = Release|Any CPU
		{048D0610-0697-4026-989B-1A67356C4E09}.Release|Any CPU.Build.0 = Release|Any CPU
		{583C87DE-32A2-4EE5-9848-8EFC0F2DB1E4}.Debug|Any CPU.ActiveCfg = Debug|Any CPU
		{583C87DE-32A2-4EE5-9848-8EFC0F2DB1E4}.Debug|Any CPU.Build.0 = Debug|Any CPU
		{583C87DE-32A2-4EE5-9848-8EFC0F2DB1E4}.Release|Any CPU.ActiveCfg = Release|Any CPU
		{583C87DE-32A2-4EE5-9848-8EFC0F2DB1E4}.Release|Any CPU.Build.0 = Release|Any CPU
	EndGlobalSection
	GlobalSection(SolutionProperties) = preSolution
		HideSolutionNode = FALSE
	EndGlobalSection
	GlobalSection(ExtensibilityGlobals) = postSolution
		SolutionGuid = {89F00A05-864B-4B15-A08A-8833B8F63845}
	EndGlobalSection
EndGlobal
